schema: '2.0'
stages:
  prepare:
    cmd: source src/prepare.sh
    deps:
    - path: src/prepare.sh
      hash: md5
      md5: 3ba316ab3ca185e4c87bce024ffd62e8
      size: 412
    outs:
    - path: raw-data
      hash: md5
      md5: c53b51bf588447f2042acc579a5e1c5a.dir
      size: 1407008328
      nfiles: 2001
  transform:
    cmd: python src/transform.py
    deps:
    - path: raw-data
      hash: md5
      md5: ff899c2b944b49973bc9aa3b79efb5eb.dir
      size: 1405800736
      nfiles: 2000
    - path: src/transform.py
      hash: md5
      md5: 217fadc8b5f7b43ce9ea1fa9c43078fb
      size: 1698
    params:
      params.yaml:
        transform.n_mels: 128
        transform.seq_length: 1500
        transform.stride: 20
        transform.test_size: 0.3
    outs:
    - path: dict
      hash: md5
      md5: be5a515248321aaf72456bfef25bce06.dir
      size: 97
      nfiles: 2
    - path: sequences
      hash: md5
      md5: 7428cee864f9cedbf4576c4fc13500b3.dir
      size: 14621204266
      nfiles: 2
  train:
    cmd: python src/train.py
    deps:
    - path: sequences
      hash: md5
      md5: 7428cee864f9cedbf4576c4fc13500b3.dir
      size: 14621204266
      nfiles: 2
    - path: src/train.py
      hash: md5
      md5: 8a4a29825982cea231519eccb55692d6
      size: 2705
    params:
      params.yaml:
        train.batch_size: 25
        train.epochs: 20
        train.model_name: BiGRU
    outs:
    - path: models
      hash: md5
      md5: 88deb31c30e4b481b8bc95f63116e976.dir
      size: 2520007
      nfiles: 1
  evaluate:
    cmd: python src/evaluate.py
    deps:
    - path: models
      hash: md5
      md5: 88deb31c30e4b481b8bc95f63116e976.dir
      size: 2520007
      nfiles: 1
    - path: src/evaluate.py
      hash: md5
      md5: b0b1ca16c2706c720d05a7afc2297d5d
      size: 1607
    outs:
    - path: eval/
      hash: md5
      md5: 7489751baf226da0e29bbb90cf596283.dir
      size: 49376
      nfiles: 6
  visualise:
    cmd: python src/visualise.py
    deps:
    - path: raw-data
      hash: md5
      md5: c53b51bf588447f2042acc579a5e1c5a.dir
      size: 1407008328
      nfiles: 2001
    - path: src/visualise.py
      hash: md5
      md5: 047722b0301d0e7be48100381def6703
      size: 2591
    outs:
    - path: visualise
      hash: md5
      md5: 962655808c5e5b887a6f1625d80cc1f7.dir
      size: 7004384
      nfiles: 31
