schema: '2.0'
stages:
  prepare:
    cmd: source src/prepare.sh
    deps:
    - path: src/prepare.sh
      hash: md5
      md5: 3ba316ab3ca185e4c87bce024ffd62e8
      size: 412
    outs:
    - path: raw-data
      hash: md5
      md5: c53b51bf588447f2042acc579a5e1c5a.dir
      size: 1407008328
      nfiles: 2001
  transform:
    cmd: python src/transform.py
    deps:
    - path: raw-data
      hash: md5
      md5: ff899c2b944b49973bc9aa3b79efb5eb.dir
      size: 1405800736
      nfiles: 2000
    - path: src/transform.py
      hash: md5
      md5: 217fadc8b5f7b43ce9ea1fa9c43078fb
      size: 1698
    params:
      params.yaml:
        transform.n_mels: 128
        transform.seq_length: 1500
        transform.stride: 20
        transform.test_size: 0.3
    outs:
    - path: dict
      hash: md5
      md5: be5a515248321aaf72456bfef25bce06.dir
      size: 97
      nfiles: 2
    - path: sequences
      hash: md5
      md5: 54d2147392c1ed56866c3df3277e5711.dir
      size: 7470494881
      nfiles: 2
  train:
    cmd: python src/train.py
    deps:
    - path: sequences
      hash: md5
      md5: 54d2147392c1ed56866c3df3277e5711.dir
      size: 7470494881
      nfiles: 2
    - path: src/train.py
      hash: md5
      md5: a2bcfee4afc5552ed29afe2d265eeb8d
      size: 2938
    params:
      params.yaml:
        train.batch_size: 25
        train.epochs: 20
        train.model_name: BiGRU
    outs:
    - path: models
      hash: md5
      md5: 8bc917c209349bdd2ae178222867eb7a.dir
      size: 9714631
      nfiles: 1
  evaluate:
    cmd: python src/evaluate.py
    deps:
    - path: models
      hash: md5
      md5: 8bc917c209349bdd2ae178222867eb7a.dir
      size: 9714631
      nfiles: 1
    - path: src/evaluate.py
      hash: md5
      md5: b0b1ca16c2706c720d05a7afc2297d5d
      size: 1607
    outs:
    - path: eval/
      hash: md5
      md5: 0fef32256bfd46cc469da0c70ca21cd4.dir
      size: 39300
      nfiles: 6
  visualise:
    cmd: python src/visualise.py
    deps:
    - path: raw-data
      hash: md5
      md5: c53b51bf588447f2042acc579a5e1c5a.dir
      size: 1407008328
      nfiles: 2001
    - path: src/visualise.py
      hash: md5
      md5: 047722b0301d0e7be48100381def6703
      size: 2591
    outs:
    - path: visualise
      hash: md5
      md5: 962655808c5e5b887a6f1625d80cc1f7.dir
      size: 7004384
      nfiles: 31
